<Solution>
  <Folder Name="/src/">
    <Project Path="src/Ndz.Cli/Ndz.Cli.csproj" />
    <Project Path="src/Ndz.Core/Ndz.Core.csproj" />
    <Project Path="src/Ndz.Gui/Ndz.Gui.csproj" />
  </Folder>
  <Folder Name="/tests/">
    <Project Path="tests/Ndz.Core.Tests/Ndz.Core.Tests.csproj" />
  </Folder>
</Solution>
